
Microsoft Visual Studio Solution File, Format Version 12.00
# Visual Studio Version 16
VisualStudioVersion = 16.0.30523.141
MinimumVisualStudioVersion = 10.0.40219.1
Project("{8BC9CEB8-8B4A-11D0-8D11-00A0C91BC942}") = "Entrega_1_act", "Entrega_1_act\Entrega_1_act.vcxproj", "{0D033DBC-701E-4BB8-B825-DC9E50A77DC0}"
EndProject
Global
	GlobalSection(SolutionConfigurationPlatforms) = preSolution
		Debug|x64 = Debug|x64
		Debug|x86 = Debug|x86
		Release|x64 = Release|x64
		Release|x86 = Release|x86
	EndGlobalSection
	GlobalSection(ProjectConfigurationPlatforms) = postSolution
		{0D033DBC-701E-4BB8-B825-DC9E50A77DC0}.Debug|x64.ActiveCfg = Debug|x64
		{0D033DBC-701E-4BB8-B825-DC9E50A77DC0}.Debug|x64.Build.0 = Debug|x64
		{0D033DBC-701E-4BB8-B825-DC9E50A77DC0}.Debug|x86.ActiveCfg = Debug|Win32
		{0D033DBC-701E-4BB8-B825-DC9E50A77DC0}.Debug|x86.Build.0 = Debug|Win32
		{0D033DBC-701E-4BB8-B825-DC9E50A77DC0}.Release|x64.ActiveCfg = Release|x64
		{0D033DBC-701E-4BB8-B825-DC9E50A77DC0}.Release|x64.Build.0 = Release|x64
		{0D033DBC-701E-4BB8-B825-DC9E50A77DC0}.Release|x86.ActiveCfg = Release|Win32
		{0D033DBC-701E-4BB8-B825-DC9E50A77DC0}.Release|x86.Build.0 = Release|Win32
	EndGlobalSection
	GlobalSection(SolutionProperties) = preSolution
		HideSolutionNode = FALSE
	EndGlobalSection
	GlobalSection(ExtensibilityGlobals) = postSolution
		SolutionGuid = {ED9950DE-16B9-4747-9E8E-C53EA12BC936}
	EndGlobalSection
EndGlobal
